
Microsoft Visual Studio Solution File, Format Version 12.00
# Visual Studio Version 17
VisualStudioVersion = 17.3.32929.385
MinimumVisualStudioVersion = 10.0.40219.1
Project("{9A19103F-16F7-4668-BE54-9A1E7A4F7556}") = "OTRMod", "OTRMod\OTRMod.csproj", "{B921D4FA-FCF4-4146-AAC5-0D6F6032EC7F}"
EndProject
Project("{9A19103F-16F7-4668-BE54-9A1E7A4F7556}") = "OTRMod.Web", "OTRMod.Web\OTRMod.Web.csproj", "{F5414982-AE44-400B-8C25-DB7CE43AAA0A}"
EndProject
Project("{FAE04EC0-301F-11D3-BF4B-00C04F79EFBC}") = "OTRMod.Console", "OTRMod.Console\OTRMod.Console.csproj", "{F88FE393-2974-4751-B0C6-D66D2205936E}"
EndProject
Global
	GlobalSection(SolutionConfigurationPlatforms) = preSolution
		Debug|Any CPU = Debug|Any CPU
		Release|Any CPU = Release|Any CPU
	EndGlobalSection
	GlobalSection(ProjectConfigurationPlatforms) = postSolution
		{B921D4FA-FCF4-4146-AAC5-0D6F6032EC7F}.Debug|Any CPU.ActiveCfg = Debug|Any CPU
		{B921D4FA-FCF4-4146-AAC5-0D6F6032EC7F}.Debug|Any CPU.Build.0 = Debug|Any CPU
		{B921D4FA-FCF4-4146-AAC5-0D6F6032EC7F}.Release|Any CPU.ActiveCfg = Release|Any CPU
		{B921D4FA-FCF4-4146-AAC5-0D6F6032EC7F}.Release|Any CPU.Build.0 = Release|Any CPU
		{F5414982-AE44-400B-8C25-DB7CE43AAA0A}.Debug|Any CPU.ActiveCfg = Debug|Any CPU
		{F5414982-AE44-400B-8C25-DB7CE43AAA0A}.Debug|Any CPU.Build.0 = Debug|Any CPU
		{F5414982-AE44-400B-8C25-DB7CE43AAA0A}.Release|Any CPU.ActiveCfg = Release|Any CPU
		{F5414982-AE44-400B-8C25-DB7CE43AAA0A}.Release|Any CPU.Build.0 = Release|Any CPU
		{F88FE393-2974-4751-B0C6-D66D2205936E}.Debug|Any CPU.ActiveCfg = Debug|Any CPU
		{F88FE393-2974-4751-B0C6-D66D2205936E}.Debug|Any CPU.Build.0 = Debug|Any CPU
		{F88FE393-2974-4751-B0C6-D66D2205936E}.Release|Any CPU.ActiveCfg = Release|Any CPU
		{F88FE393-2974-4751-B0C6-D66D2205936E}.Release|Any CPU.Build.0 = Release|Any CPU
	EndGlobalSection
	GlobalSection(SolutionProperties) = preSolution
		HideSolutionNode = FALSE
	EndGlobalSection
	GlobalSection(ExtensibilityGlobals) = postSolution
		SolutionGuid = {0685CFE9-AD26-47BF-B3C9-A0E722E2D521}
	EndGlobalSection
EndGlobal
